// !$*UTF8*$!
{
	archiveVersion = 1;
	classes = {
	};
	objectVersion = 77;
	objects = {

/* Begin PBXContainerItemProxy section */
		7F9C80A72D0EB9ED001F431E /* PBXContainerItemProxy */ = {
			isa = PBXContainerItemProxy;
			containerPortal = 7F9C808E2D0EB9EC001F431E /* Project object */;
			proxyType = 1;
			remoteGlobalIDString = 7F9C80952D0EB9EC001F431E;
			remoteInfo = TheSquareGame;
		};
		7F9C80B12D0EB9ED001F431E /* PBXContainerItemProxy */ = {
			isa = PBXContainerItemProxy;
			containerPortal = 7F9C808E2D0EB9EC001F431E /* Project object */;
			proxyType = 1;
			remoteGlobalIDString = 7F9C80952D0EB9EC001F431E;
			remoteInfo = TheSquareGame;
		};
/* End PBXContainerItemProxy section */

/* Begin PBXFileReference section */
		7F9C80962D0EB9EC001F431E /* TheSquareGame.app */ = {isa = PBXFileReference; explicitFileType = wrapper.application; includeInIndex = 0; path = TheSquareGame.app; sourceTree = BUILT_PRODUCTS_DIR; };
		7F9C80A62D0EB9ED001F431E /* TheSquareGameTests.xctest */ = {isa = PBXFileReference; explicitFileType = wrapper.cfbundle; includeInIndex = 0; path = TheSquareGameTests.xctest; sourceTree = BUILT_PRODUCTS_DIR; };
		7F9C80B02D0EB9ED001F431E /* TheSquareGameUITests.xctest */ = {isa = PBXFileReference; explicitFileType = wrapper.cfbundle; includeInIndex = 0; path = TheSquareGameUITests.xctest; sourceTree = BUILT_PRODUCTS_DIR; };
/* End PBXFileReference section */

/* Begin PBXFileSystemSynchronizedRootGroup section */
		7F9C80982D0EB9EC001F431E /* TheSquareGame */ = {
			isa = PBXFileSystemSynchronizedRootGroup;
			path = TheSquareGame;
			sourceTree = "<group>";
		};
		7F9C80A92D0EB9ED001F431E /* TheSquareGameTests */ = {
			isa = PBXFileSystemSynchronizedRootGroup;
			path = TheSquareGameTests;
			sourceTree = "<group>";
		};
		7F9C80B32D0EB9ED001F431E /* TheSquareGameUITests */ = {
			isa = PBXFileSystemSynchronizedRootGroup;
			path = TheSquareGameUITests;
			sourceTree = "<group>";
		};
/* End PBXFileSystemSynchronizedRootGroup section */

/* Begin PBXFrameworksBuildPhase section */
		7F9C80932D0EB9EC001F431E /* Frameworks */ = {
			isa = PBXFrameworksBuildPhase;
			buildActionMask = 2147483647;
			files = (
			);
			runOnlyForDeploymentPostprocessing = 0;
		};
		7F9C80A32D0EB9ED001F431E /* Frameworks */ = {
			isa = PBXFrameworksBuildPhase;
			buildActionMask = 2147483647;
			files = (
			);
			runOnlyForDeploymentPostprocessing = 0;
		};
		7F9C80AD2D0EB9ED001F431E /* Frameworks */ = {
			isa = PBXFrameworksBuildPhase;
			buildActionMask = 2147483647;
			files = (
			);
			runOnlyForDeploymentPostprocessing = 0;
		};
/* End PBXFrameworksBuildPhase section */

/* Begin PBXGroup section */
		7F9C808D2D0EB9EC001F431E = {
			isa = PBXGroup;
			children = (
				7F9C80982D0EB9EC001F431E /* TheSquareGame */,
				7F9C80A92D0EB9ED001F431E /* TheSquareGameTests */,
				7F9C80B32D0EB9ED001F431E /* TheSquareGameUITests */,
				7F9C80972D0EB9EC001F431E /* Products */,
			);
			sourceTree = "<group>";
		};
		7F9C80972D0EB9EC001F431E /* Products */ = {
			isa = PBXGroup;
			children = (
				7F9C80962D0EB9EC001F431E /* TheSquareGame.app */,
				7F9C80A62D0EB9ED001F431E /* TheSquareGameTests.xctest */,
				7F9C80B02D0EB9ED001F431E /* TheSquareGameUITests.xctest */,
			);
			name = Products;
			sourceTree = "<group>";
		};
/* End PBXGroup section */

/* Begin PBXNativeTarget section */
		7F9C80952D0EB9EC001F431E /* TheSquareGame */ = {
			isa = PBXNativeTarget;
			buildConfigurationList = 7F9C80BA2D0EB9ED001F431E /* Build configuration list for PBXNativeTarget "TheSquareGame" */;
			buildPhases = (
				7F9C80922D0EB9EC001F431E /* Sources */,
				7F9C80932D0EB9EC001F431E /* Frameworks */,
				7F9C80942D0EB9EC001F431E /* Resources */,
			);
			buildRules = (
			);
			dependencies = (
			);
			fileSystemSynchronizedGroups = (
				7F9C80982D0EB9EC001F431E /* TheSquareGame */,
			);
			name = TheSquareGame;
			packageProductDependencies = (
			);
			productName = TheSquareGame;
			productReference = 7F9C80962D0EB9EC001F431E /* TheSquareGame.app */;
			productType = "com.apple.product-type.application";
		};
		7F9C80A52D0EB9ED001F431E /* TheSquareGameTests */ = {
			isa = PBXNativeTarget;
			buildConfigurationList = 7F9C80BD2D0EB9ED001F431E /* Build configuration list for PBXNativeTarget "TheSquareGameTests" */;
			buildPhases = (
				7F9C80A22D0EB9ED001F431E /* Sources */,
				7F9C80A32D0EB9ED001F431E /* Frameworks */,
				7F9C80A42D0EB9ED001F431E /* Resources */,
			);
			buildRules = (
			);
			dependencies = (
				7F9C80A82D0EB9ED001F431E /* PBXTargetDependency */,
			);
			fileSystemSynchronizedGroups = (
				7F9C80A92D0EB9ED001F431E /* TheSquareGameTests */,
			);
			name = TheSquareGameTests;
			packageProductDependencies = (
			);
			productName = TheSquareGameTests;
			productReference = 7F9C80A62D0EB9ED001F431E /* TheSquareGameTests.xctest */;
			productType = "com.apple.product-type.bundle.unit-test";
		};
		7F9C80AF2D0EB9ED001F431E /* TheSquareGameUITests */ = {
			isa = PBXNativeTarget;
			buildConfigurationList = 7F9C80C02D0EB9ED001F431E /* Build configuration list for PBXNativeTarget "TheSquareGameUITests" */;
			buildPhases = (
				7F9C80AC2D0EB9ED001F431E /* Sources */,
				7F9C80AD2D0EB9ED001F431E /* Frameworks */,
				7F9C80AE2D0EB9ED001F431E /* Resources */,
			);
			buildRules = (
			);
			dependencies = (
				7F9C80B22D0EB9ED001F431E /* PBXTargetDependency */,
			);
			fileSystemSynchronizedGroups = (
				7F9C80B32D0EB9ED001F431E /* TheSquareGameUITests */,
			);
			name = TheSquareGameUITests;
			packageProductDependencies = (
			);
			productName = TheSquareGameUITests;
			productReference = 7F9C80B02D0EB9ED001F431E /* TheSquareGameUITests.xctest */;
			productType = "com.apple.product-type.bundle.ui-testing";
		};
/* End PBXNativeTarget section */

/* Begin PBXProject section */
		7F9C808E2D0EB9EC001F431E /* Project object */ = {
			isa = PBXProject;
			attributes = {
				BuildIndependentTargetsInParallel = 1;
				LastSwiftUpdateCheck = 1620;
				LastUpgradeCheck = 1620;
				TargetAttributes = {
					7F9C80952D0EB9EC001F431E = {
						CreatedOnToolsVersion = 16.2;
					};
					7F9C80A52D0EB9ED001F431E = {
						CreatedOnToolsVersion = 16.2;
						TestTargetID = 7F9C80952D0EB9EC001F431E;
					};
					7F9C80AF2D0EB9ED001F431E = {
						CreatedOnToolsVersion = 16.2;
						TestTargetID = 7F9C80952D0EB9EC001F431E;
					};
				};
			};
			buildConfigurationList = 7F9C80912D0EB9EC001F431E /* Build configuration list for PBXProject "TheSquareGame" */;
			developmentRegion = en;
			hasScannedForEncodings = 0;
			knownRegions = (
				en,
				Base,
			);
			mainGroup = 7F9C808D2D0EB9EC001F431E;
			minimizedProjectReferenceProxies = 1;
			preferredProjectObjectVersion = 77;
			productRefGroup = 7F9C80972D0EB9EC001F431E /* Products */;
			projectDirPath = "";
			projectRoot = "";
			targets = (
				7F9C80952D0EB9EC001F431E /* TheSquareGame */,
				7F9C80A52D0EB9ED001F431E /* TheSquareGameTests */,
				7F9C80AF2D0EB9ED001F431E /* TheSquareGameUITests */,
			);
		};
/* End PBXProject section */

/* Begin PBXResourcesBuildPhase section */
		7F9C80942D0EB9EC001F431E /* Resources */ = {
			isa = PBXResourcesBuildPhase;
			buildActionMask = 2147483647;
			files = (
			);
			runOnlyForDeploymentPostprocessing = 0;
		};
		7F9C80A42D0EB9ED001F431E /* Resources */ = {
			isa = PBXResourcesBuildPhase;
			buildActionMask = 2147483647;
			files = (
			);
			runOnlyForDeploymentPostprocessing = 0;
		};
		7F9C80AE2D0EB9ED001F431E /* Resources */ = {
			isa = PBXResourcesBuildPhase;
			buildActionMask = 2147483647;
			files = (
			);
			runOnlyForDeploymentPostprocessing = 0;
		};
/* End PBXResourcesBuildPhase section */

/* Begin PBXSourcesBuildPhase section */
		7F9C80922D0EB9EC001F431E /* Sources */ = {
			isa = PBXSourcesBuildPhase;
			buildActionMask = 2147483647;
			files = (
			);
			runOnlyForDeploymentPostprocessing = 0;
		};
		7F9C80A22D0EB9ED001F431E /* Sources */ = {
			isa = PBXSourcesBuildPhase;
			buildActionMask = 2147483647;
			files = (
			);
			runOnlyForDeploymentPostprocessing = 0;
		};
		7F9C80AC2D0EB9ED001F431E /* Sources */ = {
			isa = PBXSourcesBuildPhase;
			buildActionMask = 2147483647;
			files = (
			);
			runOnlyForDeploymentPostprocessing = 0;
		};
/* End PBXSourcesBuildPhase section */

/* Begin PBXTargetDependency section */
		7F9C80A82D0EB9ED001F431E /* PBXTargetDependency */ = {
			isa = PBXTargetDependency;
			target = 7F9C80952D0EB9EC001F431E /* TheSquareGame */;
			targetProxy = 7F9C80A72D0EB9ED001F431E /* PBXContainerItemProxy */;
		};
		7F9C80B22D0EB9ED001F431E /* PBXTargetDependency */ = {
			isa = PBXTargetDependency;
			target = 7F9C80952D0EB9EC001F431E /* TheSquareGame */;
			targetProxy = 7F9C80B12D0EB9ED001F431E /* PBXContainerItemProxy */;
		};
/* End PBXTargetDependency section */

/* Begin XCBuildConfiguration section */
		7F9C80B82D0EB9ED001F431E /* Debug */ = {
			isa = XCBuildConfiguration;
			buildSettings = {
				ALWAYS_SEARCH_USER_PATHS = NO;
				ASSETCATALOG_COMPILER_GENERATE_SWIFT_ASSET_SYMBOL_EXTENSIONS = YES;
				CLANG_ANALYZER_NONNULL = YES;
				CLANG_ANALYZER_NUMBER_OBJECT_CONVERSION = YES_AGGRESSIVE;
				CLANG_CXX_LANGUAGE_STANDARD = "gnu++20";
				CLANG_ENABLE_MODULES = YES;
				CLANG_ENABLE_OBJC_ARC = YES;
				CLANG_ENABLE_OBJC_WEAK = YES;
				CLANG_WARN_BLOCK_CAPTURE_AUTORELEASING = YES;
				CLANG_WARN_BOOL_CONVERSION = YES;
				CLANG_WARN_COMMA = YES;
				CLANG_WARN_CONSTANT_CONVERSION = YES;
				CLANG_WARN_DEPRECATED_OBJC_IMPLEMENTATIONS = YES;
				CLANG_WARN_DIRECT_OBJC_ISA_USAGE = YES_ERROR;
				CLANG_WARN_DOCUMENTATION_COMMENTS = YES;
				CLANG_WARN_EMPTY_BODY = YES;
				CLANG_WARN_ENUM_CONVERSION = YES;
				CLANG_WARN_INFINITE_RECURSION = YES;
				CLANG_WARN_INT_CONVERSION = YES;
				CLANG_WARN_NON_LITERAL_NULL_CONVERSION = YES;
				CLANG_WARN_OBJC_IMPLICIT_RETAIN_SELF = YES;
				CLANG_WARN_OBJC_LITERAL_CONVERSION = YES;
				CLANG_WARN_OBJC_ROOT_CLASS = YES_ERROR;
				CLANG_WARN_QUOTED_INCLUDE_IN_FRAMEWORK_HEADER = YES;
				CLANG_WARN_RANGE_LOOP_ANALYSIS = YES;
				CLANG_WARN_STRICT_PROTOTYPES = YES;
				CLANG_WARN_SUSPICIOUS_MOVE = YES;
				CLANG_WARN_UNGUARDED_AVAILABILITY = YES_AGGRESSIVE;
				CLANG_WARN_UNREACHABLE_CODE = YES;
				CLANG_WARN__DUPLICATE_METHOD_MATCH = YES;
				COPY_PHASE_STRIP = NO;
				DEBUG_INFORMATION_FORMAT = dwarf;
				ENABLE_STRICT_OBJC_MSGSEND = YES;
				ENABLE_TESTABILITY = YES;
				ENABLE_USER_SCRIPT_SANDBOXING = YES;
				GCC_C_LANGUAGE_STANDARD = gnu17;
				GCC_DYNAMIC_NO_PIC = NO;
				GCC_NO_COMMON_BLOCKS = YES;
				GCC_OPTIMIZATION_LEVEL = 0;
				GCC_PREPROCESSOR_DEFINITIONS = (
					"DEBUG=1",
					"$(inherited)",
				);
				GCC_WARN_64_TO_32_BIT_CONVERSION = YES;
				GCC_WARN_ABOUT_RETURN_TYPE = YES_ERROR;
				GCC_WARN_UNDECLARED_SELECTOR = YES;
				GCC_WARN_UNINITIALIZED_AUTOS = YES_AGGRESSIVE;
				GCC_WARN_UNUSED_FUNCTION = YES;
				GCC_WARN_UNUSED_VARIABLE = YES;
				IPHONEOS_DEPLOYMENT_TARGET = 18.2;
				LOCALIZATION_PREFERS_STRING_CATALOGS = YES;
				MTL_ENABLE_DEBUG_INFO = INCLUDE_SOURCE;
				MTL_FAST_MATH = YES;
				ONLY_ACTIVE_ARCH = YES;
				SDKROOT = iphoneos;
				SWIFT_ACTIVE_COMPILATION_CONDITIONS = "DEBUG $(inherited)";
				SWIFT_OPTIMIZATION_LEVEL = "-Onone";
			};
			name = Debug;
		};
		7F9C80B92D0EB9ED001F431E /* Release */ = {
			isa = XCBuildConfiguration;
			buildSettings = {
				ALWAYS_SEARCH_USER_PATHS = NO;
				ASSETCATALOG_COMPILER_GENERATE_SWIFT_ASSET_SYMBOL_EXTENSIONS = YES;
				CLANG_ANALYZER_NONNULL = YES;
				CLANG_ANALYZER_NUMBER_OBJECT_CONVERSION = YES_AGGRESSIVE;
				CLANG_CXX_LANGUAGE_STANDARD = "gnu++20";
				CLANG_ENABLE_MODULES = YES;
				CLANG_ENABLE_OBJC_ARC = YES;
				CLANG_ENABLE_OBJC_WEAK = YES;
				CLANG_WARN_BLOCK_CAPTURE_AUTORELEASING = YES;
				CLANG_WARN_BOOL_CONVERSION = YES;
				CLANG_WARN_COMMA = YES;
				CLANG_WARN_CONSTANT_CONVERSION = YES;
				CLANG_WARN_DEPRECATED_OBJC_IMPLEMENTATIONS = YES;
				CLANG_WARN_DIRECT_OBJC_ISA_USAGE = YES_ERROR;
				CLANG_WARN_DOCUMENTATION_COMMENTS = YES;
				CLANG_WARN_EMPTY_BODY = YES;
				CLANG_WARN_ENUM_CONVERSION = YES;
				CLANG_WARN_INFINITE_RECURSION = YES;
				CLANG_WARN_INT_CONVERSION = YES;
				CLANG_WARN_NON_LITERAL_NULL_CONVERSION = YES;
				CLANG_WARN_OBJC_IMPLICIT_RETAIN_SELF = YES;
				CLANG_WARN_OBJC_LITERAL_CONVERSION = YES;
				CLANG_WARN_OBJC_ROOT_CLASS = YES_ERROR;
				CLANG_WARN_QUOTED_INCLUDE_IN_FRAMEWORK_HEADER = YES;
				CLANG_WARN_RANGE_LOOP_ANALYSIS = YES;
				CLANG_WARN_STRICT_PROTOTYPES = YES;
				CLANG_WARN_SUSPICIOUS_MOVE = YES;
				CLANG_WARN_UNGUARDED_AVAILABILITY = YES_AGGRESSIVE;
				CLANG_WARN_UNREACHABLE_CODE = YES;
				CLANG_WARN__DUPLICATE_METHOD_MATCH = YES;
				COPY_PHASE_STRIP = NO;
				DEBUG_INFORMATION_FORMAT = "dwarf-with-dsym";
				ENABLE_NS_ASSERTIONS = NO;
				ENABLE_STRICT_OBJC_MSGSEND = YES;
				ENABLE_USER_SCRIPT_SANDBOXING = YES;
				GCC_C_LANGUAGE_STANDARD = gnu17;
				GCC_NO_COMMON_BLOCKS = YES;
				GCC_WARN_64_TO_32_BIT_CONVERSION = YES;
				GCC_WARN_ABOUT_RETURN_TYPE = YES_ERROR;
				GCC_WARN_UNDECLARED_SELECTOR = YES;
				GCC_WARN_UNINITIALIZED_AUTOS = YES_AGGRESSIVE;
				GCC_WARN_UNUSED_FUNCTION = YES;
				GCC_WARN_UNUSED_VARIABLE = YES;
				IPHONEOS_DEPLOYMENT_TARGET = 18.2;
				LOCALIZATION_PREFERS_STRING_CATALOGS = YES;
				MTL_ENABLE_DEBUG_INFO = NO;
				MTL_FAST_MATH = YES;
				SDKROOT = iphoneos;
				SWIFT_COMPILATION_MODE = wholemodule;
				VALIDATE_PRODUCT = YES;
			};
			name = Release;
		};
		7F9C80BB2D0EB9ED001F431E /* Debug */ = {
			isa = XCBuildConfiguration;
			buildSettings = {
				ASSETCATALOG_COMPILER_APPICON_NAME = AppIcon;
				ASSETCATALOG_COMPILER_GLOBAL_ACCENT_COLOR_NAME = AccentColor;
				CODE_SIGN_STYLE = Automatic;
				CURRENT_PROJECT_VERSION = 1;
				DEVELOPMENT_ASSET_PATHS = "\"TheSquareGame/Preview Content\"";
				DEVELOPMENT_TEAM = 3BSW7D7KYF;
				ENABLE_PREVIEWS = YES;
				GENERATE_INFOPLIST_FILE = YES;
				INFOPLIST_KEY_UIApplicationSceneManifest_Generation = YES;
				INFOPLIST_KEY_UIApplicationSupportsIndirectInputEvents = YES;
				INFOPLIST_KEY_UILaunchScreen_Generation = YES;
				INFOPLIST_KEY_UISupportedInterfaceOrientations_iPad = "UIInterfaceOrientationPortrait UIInterfaceOrientationPortraitUpsideDown UIInterfaceOrientationLandscapeLeft UIInterfaceOrientationLandscapeRight";
				INFOPLIST_KEY_UISupportedInterfaceOrientations_iPhone = "UIInterfaceOrientationPortrait UIInterfaceOrientationLandscapeLeft UIInterfaceOrientationLandscapeRight";
				LD_RUNPATH_SEARCH_PATHS = (
					"$(inherited)",
					"@executable_path/Frameworks",
				);
				MARKETING_VERSION = 1.0;
				PRODUCT_BUNDLE_IDENTIFIER = NIBM.TheSquareGame;
				PRODUCT_NAME = "$(TARGET_NAME)";
				SWIFT_EMIT_LOC_STRINGS = YES;
				SWIFT_VERSION = 5.0;
				TARGETED_DEVICE_FAMILY = "1,2";
			};
			name = Debug;
		};
		7F9C80BC2D0EB9ED001F431E /* Release */ = {
			isa = XCBuildConfiguration;
			buildSettings = {
				ASSETCATALOG_COMPILER_APPICON_NAME = AppIcon;
				ASSETCATALOG_COMPILER_GLOBAL_ACCENT_COLOR_NAME = AccentColor;
				CODE_SIGN_STYLE = Automatic;
				CURRENT_PROJECT_VERSION = 1;
				DEVELOPMENT_ASSET_PATHS = "\"TheSquareGame/Preview Content\"";
				DEVELOPMENT_TEAM = 3BSW7D7KYF;
				ENABLE_PREVIEWS = YES;
				GENERATE_INFOPLIST_FILE = YES;
				INFOPLIST_KEY_UIApplicationSceneManifest_Generation = YES;
				INFOPLIST_KEY_UIApplicationSupportsIndirectInputEvents = YES;
				INFOPLIST_KEY_UILaunchScreen_Generation = YES;
				INFOPLIST_KEY_UISupportedInterfaceOrientations_iPad = "UIInterfaceOrientationPortrait UIInterfaceOrientationPortraitUpsideDown UIInterfaceOrientationLandscapeLeft UIInterfaceOrientationLandscapeRight";
				INFOPLIST_KEY_UISupportedInterfaceOrientations_iPhone = "UIInterfaceOrientationPortrait UIInterfaceOrientationLandscapeLeft UIInterfaceOrientationLandscapeRight";
				LD_RUNPATH_SEARCH_PATHS = (
					"$(inherited)",
					"@executable_path/Frameworks",
				);
				MARKETING_VERSION = 1.0;
				PRODUCT_BUNDLE_IDENTIFIER = NIBM.TheSquareGame;
				PRODUCT_NAME = "$(TARGET_NAME)";
				SWIFT_EMIT_LOC_STRINGS = YES;
				SWIFT_VERSION = 5.0;
				TARGETED_DEVICE_FAMILY = "1,2";
			};
			name = Release;
		};
		7F9C80BE2D0EB9ED001F431E /* Debug */ = {
			isa = XCBuildConfiguration;
			buildSettings = {
				BUNDLE_LOADER = "$(TEST_HOST)";
				CODE_SIGN_STYLE = Automatic;
				CURRENT_PROJECT_VERSION = 1;
				DEVELOPMENT_TEAM = 3BSW7D7KYF;
				GENERATE_INFOPLIST_FILE = YES;
				IPHONEOS_DEPLOYMENT_TARGET = 18.2;
				MARKETING_VERSION = 1.0;
				PRODUCT_BUNDLE_IDENTIFIER = NIBM.TheSquareGameTests;
				PRODUCT_NAME = "$(TARGET_NAME)";
				SWIFT_EMIT_LOC_STRINGS = NO;
				SWIFT_VERSION = 5.0;
				TARGETED_DEVICE_FAMILY = "1,2";
				TEST_HOST = "$(BUILT_PRODUCTS_DIR)/TheSquareGame.app/$(BUNDLE_EXECUTABLE_FOLDER_PATH)/TheSquareGame";
			};
			name = Debug;
		};
		7F9C80BF2D0EB9ED001F431E /* Release */ = {
			isa = XCBuildConfiguration;
			buildSettings = {
				BUNDLE_LOADER = "$(TEST_HOST)";
				CODE_SIGN_STYLE = Automatic;
				CURRENT_PROJECT_VERSION = 1;
				DEVELOPMENT_TEAM = 3BSW7D7KYF;
				GENERATE_INFOPLIST_FILE = YES;
				IPHONEOS_DEPLOYMENT_TARGET = 18.2;
				MARKETING_VERSION = 1.0;
				PRODUCT_BUNDLE_IDENTIFIER = NIBM.TheSquareGameTests;
				PRODUCT_NAME = "$(TARGET_NAME)";
				SWIFT_EMIT_LOC_STRINGS = NO;
				SWIFT_VERSION = 5.0;
				TARGETED_DEVICE_FAMILY = "1,2";
				TEST_HOST = "$(BUILT_PRODUCTS_DIR)/TheSquareGame.app/$(BUNDLE_EXECUTABLE_FOLDER_PATH)/TheSquareGame";
			};
			name = Release;
		};
		7F9C80C12D0EB9ED001F431E /* Debug */ = {
			isa = XCBuildConfiguration;
			buildSettings = {
				CODE_SIGN_STYLE = Automatic;
				CURRENT_PROJECT_VERSION = 1;
				DEVELOPMENT_TEAM = 3BSW7D7KYF;
				GENERATE_INFOPLIST_FILE = YES;
				MARKETING_VERSION = 1.0;
				PRODUCT_BUNDLE_IDENTIFIER = NIBM.TheSquareGameUITests;
				PRODUCT_NAME = "$(TARGET_NAME)";
				SWIFT_EMIT_LOC_STRINGS = NO;
				SWIFT_VERSION = 5.0;
				TARGETED_DEVICE_FAMILY = "1,2";
				TEST_TARGET_NAME = TheSquareGame;
			};
			name = Debug;
		};
		7F9C80C22D0EB9ED001F431E /* Release */ = {
			isa = XCBuildConfiguration;
			buildSettings = {
				CODE_SIGN_STYLE = Automatic;
				CURRENT_PROJECT_VERSION = 1;
				DEVELOPMENT_TEAM = 3BSW7D7KYF;
				GENERATE_INFOPLIST_FILE = YES;
				MARKETING_VERSION = 1.0;
				PRODUCT_BUNDLE_IDENTIFIER = NIBM.TheSquareGameUITests;
				PRODUCT_NAME = "$(TARGET_NAME)";
				SWIFT_EMIT_LOC_STRINGS = NO;
				SWIFT_VERSION = 5.0;
				TARGETED_DEVICE_FAMILY = "1,2";
				TEST_TARGET_NAME = TheSquareGame;
			};
			name = Release;
		};
/* End XCBuildConfiguration section */

/* Begin XCConfigurationList section */
		7F9C80912D0EB9EC001F431E /* Build configuration list for PBXProject "TheSquareGame" */ = {
			isa = XCConfigurationList;
			buildConfigurations = (
				7F9C80B82D0EB9ED001F431E /* Debug */,
				7F9C80B92D0EB9ED001F431E /* Release */,
			);
			defaultConfigurationIsVisible = 0;
			defaultConfigurationName = Release;
		};
		7F9C80BA2D0EB9ED001F431E /* Build configuration list for PBXNativeTarget "TheSquareGame" */ = {
			isa = XCConfigurationList;
			buildConfigurations = (
				7F9C80BB2D0EB9ED001F431E /* Debug */,
				7F9C80BC2D0EB9ED001F431E /* Release */,
			);
			defaultConfigurationIsVisible = 0;
			defaultConfigurationName = Release;
		};
		7F9C80BD2D0EB9ED001F431E /* Build configuration list for PBXNativeTarget "TheSquareGameTests" */ = {
			isa = XCConfigurationList;
			buildConfigurations = (
				7F9C80BE2D0EB9ED001F431E /* Debug */,
				7F9C80BF2D0EB9ED001F431E /* Release */,
			);
			defaultConfigurationIsVisible = 0;
			defaultConfigurationName = Release;
		};
		7F9C80C02D0EB9ED001F431E /* Build configuration list for PBXNativeTarget "TheSquareGameUITests" */ = {
			isa = XCConfigurationList;
			buildConfigurations = (
				7F9C80C12D0EB9ED001F431E /* Debug */,
				7F9C80C22D0EB9ED001F431E /* Release */,
			);
			defaultConfigurationIsVisible = 0;
			defaultConfigurationName = Release;
		};
/* End XCConfigurationList section */
	};
	rootObject = 7F9C808E2D0EB9EC001F431E /* Project object */;
}
